{
  "name": "maumau-server",
  "version": "1.0.0",
  "lockfileVersion": 1,
  "requires": true,
  "dependencies": {
    "@cyberblast/webserver": {
      "version": "0.1.5",
      "resolved": "https://registry.npmjs.org/@cyberblast/webserver/-/webserver-0.1.5.tgz",
      "integrity": "sha512-hgfihdYJxEhqGrzVDSessepECx46XCoGhFUUNohgtpKpb3XfTpaOPUi9a8HJDDsyFuIzyshAj+RNnq8UO3OPqQ=="
    }
  }
}
