{
  "name": "maumau-server",
  "version": "1.0.0",
  "lockfileVersion": 1,
  "requires": true,
  "dependencies": {
    "@cyberblast/webserver": {
      "version": "0.0.3",
      "resolved": "https://registry.npmjs.org/@cyberblast/webserver/-/webserver-0.0.3.tgz",
      "integrity": "sha512-5xZUGsDP7T9eX5HFH49iGU8u8I76kQE+9KkuA14QBRvXO0XollYHYDKfhpWO8KDmF+fe5ufpkqT+XD0O0ZtGpA=="
    }
  }
}
