{
  "name": "maumau-server",
  "version": "1.0.0",
  "lockfileVersion": 1,
  "requires": true,
  "dependencies": {
    "@cyberblast/webserver": {
      "version": "0.0.2",
      "resolved": "https://registry.npmjs.org/@cyberblast/webserver/-/webserver-0.0.2.tgz",
      "integrity": "sha512-Gr7RjNswh1YlLIytkh1HXICQMXr6vBpzk6vnb/aXJO1PuTMQywigOGdzXJQKXjGqd7t73toJi2GfKSK1atU30g=="
    }
  }
}
